
Microsoft Visual Studio Solution File, Format Version 12.00
# Visual Studio Version 17
VisualStudioVersion = 17.13.35828.75 d17.13
MinimumVisualStudioVersion = 10.0.40219.1
Project("{9A19103F-16F7-4668-BE54-9A1E7A4F7556}") = "TestTopOrder", "TestTopOrder.csproj", "{3B19CDC2-198D-462D-894A-B0DFF3C7A01F}"
EndProject
Global
	GlobalSection(SolutionConfigurationPlatforms) = preSolution
		Debug|Any CPU = Debug|Any CPU
		Release|Any CPU = Release|Any CPU
	EndGlobalSection
	GlobalSection(ProjectConfigurationPlatforms) = postSolution
		{3B19CDC2-198D-462D-894A-B0DFF3C7A01F}.Debug|Any CPU.ActiveCfg = Debug|Any CPU
		{3B19CDC2-198D-462D-894A-B0DFF3C7A01F}.Debug|Any CPU.Build.0 = Debug|Any CPU
		{3B19CDC2-198D-462D-894A-B0DFF3C7A01F}.Release|Any CPU.ActiveCfg = Release|Any CPU
		{3B19CDC2-198D-462D-894A-B0DFF3C7A01F}.Release|Any CPU.Build.0 = Release|Any CPU
	EndGlobalSection
	GlobalSection(SolutionProperties) = preSolution
		HideSolutionNode = FALSE
	EndGlobalSection
	GlobalSection(ExtensibilityGlobals) = postSolution
		SolutionGuid = {D9F4F77A-218C-4119-9166-6B0A18A95BA3}
	EndGlobalSection
EndGlobal
